{
  "name": "@jrootr/agent-trace",
  "version": "0.3.0",
  "lockfileVersion": 3,
  "requires": true,
  "packages": {
    "": {
      "name": "@jrootr/agent-trace",
      "version": "0.3.0",
      "license": "MIT",
      "bin": {
        "agent-trace": "bin/agent-trace.mjs"
      },
      "engines": {
        "node": ">=18.17"
      }
    }
  }
}
